
Microsoft Visual Studio Solution File, Format Version 12.00
# Visual Studio 15
VisualStudioVersion = 15.0.28307.1062
MinimumVisualStudioVersion = 10.0.40219.1
Project("{FAE04EC0-301F-11D3-BF4B-00C04F79EFBC}") = "PHP Encoder", "PHP Encoder.csproj", "{4ED4C4CE-03B6-4B6C-BC3E-972743C3E282}"
EndProject
Global
	GlobalSection(SolutionConfigurationPlatforms) = preSolution
		Debug|Any CPU = Debug|Any CPU
		ObfuscatedRelease|Any CPU = ObfuscatedRelease|Any CPU
		Release|Any CPU = Release|Any CPU
	EndGlobalSection
	GlobalSection(ProjectConfigurationPlatforms) = postSolution
		{4ED4C4CE-03B6-4B6C-BC3E-972743C3E282}.Debug|Any CPU.ActiveCfg = Debug|Any CPU
		{4ED4C4CE-03B6-4B6C-BC3E-972743C3E282}.Debug|Any CPU.Build.0 = Debug|Any CPU
		{4ED4C4CE-03B6-4B6C-BC3E-972743C3E282}.ObfuscatedRelease|Any CPU.ActiveCfg = ObfuscatedRelease|Any CPU
		{4ED4C4CE-03B6-4B6C-BC3E-972743C3E282}.ObfuscatedRelease|Any CPU.Build.0 = ObfuscatedRelease|Any CPU
		{4ED4C4CE-03B6-4B6C-BC3E-972743C3E282}.Release|Any CPU.ActiveCfg = Release|Any CPU
		{4ED4C4CE-03B6-4B6C-BC3E-972743C3E282}.Release|Any CPU.Build.0 = Release|Any CPU
	EndGlobalSection
	GlobalSection(SolutionProperties) = preSolution
		HideSolutionNode = FALSE
	EndGlobalSection
	GlobalSection(ExtensibilityGlobals) = postSolution
		SolutionGuid = {57C7962D-B948-413B-9A18-73F35A3DB7CD}
	EndGlobalSection
EndGlobal
